
Microsoft Visual Studio Solution File, Format Version 12.00
# Visual Studio Version 16
VisualStudioVersion = 16.0.30413.136
MinimumVisualStudioVersion = 10.0.40219.1
Project("{9A19103F-16F7-4668-BE54-9A1E7A4F7556}") = "schoolAdminProj", "schoolAdminProj\schoolAdminProj.csproj", "{5404FB63-33D0-470F-BF72-109D9A54BE11}"
EndProject
Project("{FAE04EC0-301F-11D3-BF4B-00C04F79EFBC}") = "schoolData", "schoolData\schoolData.csproj", "{A6B9FE81-3062-42B5-A27B-271C6C9150DD}"
EndProject
Global
	GlobalSection(SolutionConfigurationPlatforms) = preSolution
		Debug|Any CPU = Debug|Any CPU
		Release|Any CPU = Release|Any CPU
	EndGlobalSection
	GlobalSection(ProjectConfigurationPlatforms) = postSolution
		{5404FB63-33D0-470F-BF72-109D9A54BE11}.Debug|Any CPU.ActiveCfg = Debug|Any CPU
		{5404FB63-33D0-470F-BF72-109D9A54BE11}.Debug|Any CPU.Build.0 = Debug|Any CPU
		{5404FB63-33D0-470F-BF72-109D9A54BE11}.Release|Any CPU.ActiveCfg = Release|Any CPU
		{5404FB63-33D0-470F-BF72-109D9A54BE11}.Release|Any CPU.Build.0 = Release|Any CPU
		{A6B9FE81-3062-42B5-A27B-271C6C9150DD}.Debug|Any CPU.ActiveCfg = Debug|Any CPU
		{A6B9FE81-3062-42B5-A27B-271C6C9150DD}.Debug|Any CPU.Build.0 = Debug|Any CPU
		{A6B9FE81-3062-42B5-A27B-271C6C9150DD}.Release|Any CPU.ActiveCfg = Release|Any CPU
		{A6B9FE81-3062-42B5-A27B-271C6C9150DD}.Release|Any CPU.Build.0 = Release|Any CPU
	EndGlobalSection
	GlobalSection(SolutionProperties) = preSolution
		HideSolutionNode = FALSE
	EndGlobalSection
	GlobalSection(ExtensibilityGlobals) = postSolution
		SolutionGuid = {A8461F36-239C-431D-AE70-A9E6F70DF72F}
	EndGlobalSection
EndGlobal
